{
  "name": "whatsapp-protocol-log",
  "version": "1.0.0",
  "lockfileVersion": 1,
  "requires": true,
  "dependencies": {
    "@wppconnect-team/loader": {
      "version": "1.0.5",
      "resolved": "https://registry.npmjs.org/@wppconnect-team/loader/-/loader-1.0.5.tgz",
      "integrity": "sha512-sT2Pz5ArK+5Re8Or9PAQeKwFq5IF82mXgXq5szajaqVGNCQng3IENC4J1JRcS4uUE5kqf3ZrwUSxYe2kmCpmZQ=="
    },
    "playwright": {
      "version": "1.23.3",
      "resolved": "https://registry.npmjs.org/playwright/-/playwright-1.23.3.tgz",
      "integrity": "sha512-4uPqXU1PBTBnNhqIyuz+WmvjlMNrt+Rje8lwBf3RpUP9UCjP8G41qrr/vDUbMoHhQaUfdWeDuZAkPUxAv5Ag8g==",
      "requires": {
        "playwright-core": "1.23.3"
      },
      "dependencies": {
        "playwright-core": {
          "version": "1.23.3",
          "resolved": "https://registry.npmjs.org/playwright-core/-/playwright-core-1.23.3.tgz",
          "integrity": "sha512-x35yzsXDyo0BIXYimLnUFNyb42c//NadUNH6IPGOteZm96oTGA1kn4Hq6qJTI1/f9wEc1F9O1DsznXIgXMil7A=="
        }
      }
    }
  }
}
