{
  "name": "whatsapp-protocol-log",
  "version": "1.0.0",
  "lockfileVersion": 1,
  "requires": true,
  "dependencies": {
    "@wppconnect-team/loader": {
      "version": "1.0.5",
      "resolved": "https://registry.npmjs.org/@wppconnect-team/loader/-/loader-1.0.5.tgz",
      "integrity": "sha512-sT2Pz5ArK+5Re8Or9PAQeKwFq5IF82mXgXq5szajaqVGNCQng3IENC4J1JRcS4uUE5kqf3ZrwUSxYe2kmCpmZQ=="
    },
    "playwright": {
      "version": "1.22.1",
      "resolved": "https://registry.npmjs.org/playwright/-/playwright-1.22.1.tgz",
      "integrity": "sha512-pn4dvphQdL3zTgI+xfqkTL3HK1xbtQz+zjJxzyhwKLDxMNuAH7/NCm75auWbYLyssdnvApznujwrQuJvqXTKUw==",
      "requires": {
        "playwright-core": "1.22.1"
      },
      "dependencies": {
        "playwright-core": {
          "version": "1.22.1",
          "resolved": "https://registry.npmjs.org/playwright-core/-/playwright-core-1.22.1.tgz",
          "integrity": "sha512-H+ZUVYnceWNXrRf3oxTEKAr81QzFsCKu5Fp//fEjQvqgKkfA1iX3E9DBrPJpPNOrgVzcE+IqeI0fDmYJe6Ynnw=="
        }
      }
    }
  }
}
