{
  "name": "whatsapp-protocol-log",
  "version": "1.0.0",
  "lockfileVersion": 1,
  "requires": true,
  "dependencies": {
    "@wppconnect-team/loader": {
      "version": "1.0.5",
      "resolved": "https://registry.npmjs.org/@wppconnect-team/loader/-/loader-1.0.5.tgz",
      "integrity": "sha512-sT2Pz5ArK+5Re8Or9PAQeKwFq5IF82mXgXq5szajaqVGNCQng3IENC4J1JRcS4uUE5kqf3ZrwUSxYe2kmCpmZQ=="
    },
    "playwright": {
      "version": "1.23.1",
      "resolved": "https://registry.npmjs.org/playwright/-/playwright-1.23.1.tgz",
      "integrity": "sha512-+lgiy1JZMNPwpBp5tsUdjTGxuJ+lXZbtSKmMDc0/f1oVsNDXXA+r7zeC9Kzd+4jSHteoJJocargxVx2Mn1o2kw==",
      "requires": {
        "playwright-core": "1.23.1"
      },
      "dependencies": {
        "playwright-core": {
          "version": "1.23.1",
          "resolved": "https://registry.npmjs.org/playwright-core/-/playwright-core-1.23.1.tgz",
          "integrity": "sha512-9CXsE0gawph4KXl6oUaa0ehHRySZjHvly4TybcBXDvzK3N3o6L/eZ8Q6iVWUiMn0LLS5bRFxo1qEtOETlYJxjw=="
        }
      }
    }
  }
}
